
Microsoft Visual Studio Solution File, Format Version 12.00
# Visual Studio Version 17
VisualStudioVersion = 17.3.32825.248
MinimumVisualStudioVersion = 10.0.40219.1
Project("{FAE04EC0-301F-11D3-BF4B-00C04F79EFBC}") = "2ITAProc3", "2ITAProc3\2ITAProc3.csproj", "{A7AEDB37-78E9-414D-BD33-4CD57DD2B2E3}"
EndProject
Global
	GlobalSection(SolutionConfigurationPlatforms) = preSolution
		Debug|Any CPU = Debug|Any CPU
		Release|Any CPU = Release|Any CPU
	EndGlobalSection
	GlobalSection(ProjectConfigurationPlatforms) = postSolution
		{A7AEDB37-78E9-414D-BD33-4CD57DD2B2E3}.Debug|Any CPU.ActiveCfg = Debug|Any CPU
		{A7AEDB37-78E9-414D-BD33-4CD57DD2B2E3}.Debug|Any CPU.Build.0 = Debug|Any CPU
		{A7AEDB37-78E9-414D-BD33-4CD57DD2B2E3}.Release|Any CPU.ActiveCfg = Release|Any CPU
		{A7AEDB37-78E9-414D-BD33-4CD57DD2B2E3}.Release|Any CPU.Build.0 = Release|Any CPU
	EndGlobalSection
	GlobalSection(SolutionProperties) = preSolution
		HideSolutionNode = FALSE
	EndGlobalSection
	GlobalSection(ExtensibilityGlobals) = postSolution
		SolutionGuid = {75000A5B-1DA6-416C-9DD2-4D2D678A107C}
	EndGlobalSection
EndGlobal
