
Microsoft Visual Studio Solution File, Format Version 12.00
# Visual Studio Version 17
VisualStudioVersion = 17.3.32825.248
MinimumVisualStudioVersion = 10.0.40219.1
Project("{FAE04EC0-301F-11D3-BF4B-00C04F79EFBC}") = "2ITAObrazky", "2ITAObrazky\2ITAObrazky.csproj", "{A84A2315-3A71-49BC-9D97-19A4624E1FCF}"
EndProject
Global
	GlobalSection(SolutionConfigurationPlatforms) = preSolution
		Debug|Any CPU = Debug|Any CPU
		Release|Any CPU = Release|Any CPU
	EndGlobalSection
	GlobalSection(ProjectConfigurationPlatforms) = postSolution
		{A84A2315-3A71-49BC-9D97-19A4624E1FCF}.Debug|Any CPU.ActiveCfg = Debug|Any CPU
		{A84A2315-3A71-49BC-9D97-19A4624E1FCF}.Debug|Any CPU.Build.0 = Debug|Any CPU
		{A84A2315-3A71-49BC-9D97-19A4624E1FCF}.Release|Any CPU.ActiveCfg = Release|Any CPU
		{A84A2315-3A71-49BC-9D97-19A4624E1FCF}.Release|Any CPU.Build.0 = Release|Any CPU
	EndGlobalSection
	GlobalSection(SolutionProperties) = preSolution
		HideSolutionNode = FALSE
	EndGlobalSection
	GlobalSection(ExtensibilityGlobals) = postSolution
		SolutionGuid = {0256AE8A-A1AC-4A52-AC06-453F0476A2C4}
	EndGlobalSection
EndGlobal
